
Microsoft Visual Studio Solution File, Format Version 12.00
# Visual Studio Version 17
VisualStudioVersion = 17.14.36623.8
MinimumVisualStudioVersion = 10.0.40219.1
Project("{FAE04EC0-301F-11D3-BF4B-00C04F79EFBC}") = "Editor", "Editor\Editor.csproj", "{A3D8DC58-44D9-40E1-AD66-F40A36799359}"
EndProject
Project("{8BC9CEB8-8B4A-11D0-8D11-00A0C91BC942}") = "Engine", "Engine\Engine.vcxproj", "{3C839B12-7D65-4CA6-805C-57F1B9B271F7}"
EndProject
Global
	GlobalSection(SolutionConfigurationPlatforms) = preSolution
		Debug|x64 = Debug|x64
		Release|x64 = Release|x64
	EndGlobalSection
	GlobalSection(ProjectConfigurationPlatforms) = postSolution
		{3C839B12-7D65-4CA6-805C-57F1B9B271F7}.Debug|x64.ActiveCfg = Debug|x64
		{3C839B12-7D65-4CA6-805C-57F1B9B271F7}.Debug|x64.Build.0 = Debug|x64
		{3C839B12-7D65-4CA6-805C-57F1B9B271F7}.Release|x64.ActiveCfg = Release|x64
		{3C839B12-7D65-4CA6-805C-57F1B9B271F7}.Release|x64.Build.0 = Release|x64
		{A3D8DC58-44D9-40E1-AD66-F40A36799359}.Debug|x64.ActiveCfg = Debug|Any CPU
		{A3D8DC58-44D9-40E1-AD66-F40A36799359}.Debug|x64.Build.0 = Debug|Any CPU
		{A3D8DC58-44D9-40E1-AD66-F40A36799359}.Release|x64.ActiveCfg = Release|Any CPU
		{A3D8DC58-44D9-40E1-AD66-F40A36799359}.Release|x64.Build.0 = Release|Any CPU
	EndGlobalSection
	GlobalSection(SolutionProperties) = preSolution
		HideSolutionNode = FALSE
	EndGlobalSection
	GlobalSection(ExtensibilityGlobals) = postSolution
		SolutionGuid = {6ED5CD0B-CD70-47B5-99BF-589B56DF238D}
	EndGlobalSection
EndGlobal
